
Microsoft Visual Studio Solution File, Format Version 12.00
# Visual Studio Version 17
VisualStudioVersion = 17.8.34511.84
MinimumVisualStudioVersion = 10.0.40219.1
Project("{FAE04EC0-301F-11D3-BF4B-00C04F79EFBC}") = "Matriz Multidimensional", "Matriz Multidimensional.csproj", "{AA5C2176-1E52-46DE-AC9A-A993E113C86B}"
EndProject
Global
	GlobalSection(SolutionConfigurationPlatforms) = preSolution
		Debug|Any CPU = Debug|Any CPU
		Release|Any CPU = Release|Any CPU
	EndGlobalSection
	GlobalSection(ProjectConfigurationPlatforms) = postSolution
		{AA5C2176-1E52-46DE-AC9A-A993E113C86B}.Debug|Any CPU.ActiveCfg = Debug|Any CPU
		{AA5C2176-1E52-46DE-AC9A-A993E113C86B}.Debug|Any CPU.Build.0 = Debug|Any CPU
		{AA5C2176-1E52-46DE-AC9A-A993E113C86B}.Release|Any CPU.ActiveCfg = Release|Any CPU
		{AA5C2176-1E52-46DE-AC9A-A993E113C86B}.Release|Any CPU.Build.0 = Release|Any CPU
	EndGlobalSection
	GlobalSection(SolutionProperties) = preSolution
		HideSolutionNode = FALSE
	EndGlobalSection
	GlobalSection(ExtensibilityGlobals) = postSolution
		SolutionGuid = {5BE3B8C6-E31D-4D4E-82D3-F68BE6D45197}
	EndGlobalSection
EndGlobal
